
Microsoft Visual Studio Solution File, Format Version 12.00
# Visual Studio Version 17
VisualStudioVersion = 17.5.002.0
MinimumVisualStudioVersion = 10.0.40219.1
Project("{9A19103F-16F7-4668-BE54-9A1E7A4F7556}") = "ExamAbirCharfi", "ExamAbirCharfi.csproj", "{ED03D3EC-8D73-4F89-8F39-E2D5CB4FCE5E}"
EndProject
Global
	GlobalSection(SolutionConfigurationPlatforms) = preSolution
		Debug|Any CPU = Debug|Any CPU
		Release|Any CPU = Release|Any CPU
	EndGlobalSection
	GlobalSection(ProjectConfigurationPlatforms) = postSolution
		{ED03D3EC-8D73-4F89-8F39-E2D5CB4FCE5E}.Debug|Any CPU.ActiveCfg = Debug|Any CPU
		{ED03D3EC-8D73-4F89-8F39-E2D5CB4FCE5E}.Debug|Any CPU.Build.0 = Debug|Any CPU
		{ED03D3EC-8D73-4F89-8F39-E2D5CB4FCE5E}.Release|Any CPU.ActiveCfg = Release|Any CPU
		{ED03D3EC-8D73-4F89-8F39-E2D5CB4FCE5E}.Release|Any CPU.Build.0 = Release|Any CPU
	EndGlobalSection
	GlobalSection(SolutionProperties) = preSolution
		HideSolutionNode = FALSE
	EndGlobalSection
	GlobalSection(ExtensibilityGlobals) = postSolution
		SolutionGuid = {53C3E8D1-949C-473F-B3C4-056F0AFC1843}
	EndGlobalSection
EndGlobal
